
Microsoft Visual Studio Solution File, Format Version 12.00
# Visual Studio Version 17
VisualStudioVersion = 17.0.31903.59
MinimumVisualStudioVersion = 10.0.40219.1
Project("{2150E333-8FDC-42A3-9474-1A3956D46DE8}") = "src", "src", "{D665E8E7-E1CA-4D21-9229-482A6B4D98E4}"
EndProject
Project("{FAE04EC0-301F-11D3-BF4B-00C04F79EFBC}") = "LogAnalyzer.Core", "src\LogAnalyzer.Core\LogAnalyzer.Core.csproj", "{E2CEE912-C792-488F-87DC-CC1C32347AE8}"
EndProject
Project("{FAE04EC0-301F-11D3-BF4B-00C04F79EFBC}") = "LogAnalyzer.Infrastructure", "src\LogAnalyzer.Infrastructure\LogAnalyzer.Infrastructure.csproj", "{7FA5D3A4-BFA7-47F2-8F72-F65F79411DFC}"
EndProject
Project("{FAE04EC0-301F-11D3-BF4B-00C04F79EFBC}") = "LogAnalyzer.Console", "src\LogAnalyzer.Console\LogAnalyzer.Console.csproj", "{793D542B-4872-4EE3-BE25-BABE5DB051AB}"
EndProject
Global
	GlobalSection(SolutionConfigurationPlatforms) = preSolution
		Debug|Any CPU = Debug|Any CPU
		Release|Any CPU = Release|Any CPU
	EndGlobalSection
	GlobalSection(SolutionProperties) = preSolution
		HideSolutionNode = FALSE
	EndGlobalSection
	GlobalSection(ProjectConfigurationPlatforms) = postSolution
		{E2CEE912-C792-488F-87DC-CC1C32347AE8}.Debug|Any CPU.ActiveCfg = Debug|Any CPU
		{E2CEE912-C792-488F-87DC-CC1C32347AE8}.Debug|Any CPU.Build.0 = Debug|Any CPU
		{E2CEE912-C792-488F-87DC-CC1C32347AE8}.Release|Any CPU.ActiveCfg = Release|Any CPU
		{E2CEE912-C792-488F-87DC-CC1C32347AE8}.Release|Any CPU.Build.0 = Release|Any CPU
		{7FA5D3A4-BFA7-47F2-8F72-F65F79411DFC}.Debug|Any CPU.ActiveCfg = Debug|Any CPU
		{7FA5D3A4-BFA7-47F2-8F72-F65F79411DFC}.Debug|Any CPU.Build.0 = Debug|Any CPU
		{7FA5D3A4-BFA7-47F2-8F72-F65F79411DFC}.Release|Any CPU.ActiveCfg = Release|Any CPU
		{7FA5D3A4-BFA7-47F2-8F72-F65F79411DFC}.Release|Any CPU.Build.0 = Release|Any CPU
		{793D542B-4872-4EE3-BE25-BABE5DB051AB}.Debug|Any CPU.ActiveCfg = Debug|Any CPU
		{793D542B-4872-4EE3-BE25-BABE5DB051AB}.Debug|Any CPU.Build.0 = Debug|Any CPU
		{793D542B-4872-4EE3-BE25-BABE5DB051AB}.Release|Any CPU.ActiveCfg = Release|Any CPU
		{793D542B-4872-4EE3-BE25-BABE5DB051AB}.Release|Any CPU.Build.0 = Release|Any CPU
	EndGlobalSection
	GlobalSection(NestedProjects) = preSolution
		{E2CEE912-C792-488F-87DC-CC1C32347AE8} = {D665E8E7-E1CA-4D21-9229-482A6B4D98E4}
		{7FA5D3A4-BFA7-47F2-8F72-F65F79411DFC} = {D665E8E7-E1CA-4D21-9229-482A6B4D98E4}
		{793D542B-4872-4EE3-BE25-BABE5DB051AB} = {D665E8E7-E1CA-4D21-9229-482A6B4D98E4}
	EndGlobalSection
EndGlobal
